// !$*UTF8*$!
{
	archiveVersion = 1;
	classes = {
	};
	objectVersion = 56;
	objects = {

/* Begin PBXBuildFile section */
		7007FE77299F036C00A1FF84 /* AppDelegate.swift in Sources */ = {isa = PBXBuildFile; fileRef = 7007FE76299F036C00A1FF84 /* AppDelegate.swift */; };
		7007FE79299F036C00A1FF84 /* SceneDelegate.swift in Sources */ = {isa = PBXBuildFile; fileRef = 7007FE78299F036C00A1FF84 /* SceneDelegate.swift */; };
		7007FE81299F036C00A1FF84 /* HealthGoals.xcdatamodeld in Sources */ = {isa = PBXBuildFile; fileRef = 7007FE7F299F036C00A1FF84 /* HealthGoals.xcdatamodeld */; };
		7007FE83299F036D00A1FF84 /* Assets.xcassets in Resources */ = {isa = PBXBuildFile; fileRef = 7007FE82299F036D00A1FF84 /* Assets.xcassets */; };
		7007FE86299F036D00A1FF84 /* LaunchScreen.storyboard in Resources */ = {isa = PBXBuildFile; fileRef = 7007FE84299F036D00A1FF84 /* LaunchScreen.storyboard */; };
		7007FE90299F03E600A1FF84 /* Goal.swift in Sources */ = {isa = PBXBuildFile; fileRef = 7007FE8F299F03E600A1FF84 /* Goal.swift */; };
		7007FE93299F043A00A1FF84 /* GoalsTableViewCell.swift in Sources */ = {isa = PBXBuildFile; fileRef = 7007FE92299F043A00A1FF84 /* GoalsTableViewCell.swift */; };
		7007FE95299F046800A1FF84 /* GoalsViewController.swift in Sources */ = {isa = PBXBuildFile; fileRef = 7007FE94299F046800A1FF84 /* GoalsViewController.swift */; };
		7007FE9D299F066A00A1FF84 /* GoalsPresenter.swift in Sources */ = {isa = PBXBuildFile; fileRef = 7007FE9C299F066A00A1FF84 /* GoalsPresenter.swift */; };
		7007FEA1299F08DC00A1FF84 /* NetworkManager.swift in Sources */ = {isa = PBXBuildFile; fileRef = 7007FEA0299F08DB00A1FF84 /* NetworkManager.swift */; };
		7007FEA3299F0CB100A1FF84 /* UIViewController+Alert.swift in Sources */ = {isa = PBXBuildFile; fileRef = 7007FEA2299F0CB100A1FF84 /* UIViewController+Alert.swift */; };
		7007FEAA299F185500A1FF84 /* ProgressViewController.swift in Sources */ = {isa = PBXBuildFile; fileRef = 7007FEA9299F185500A1FF84 /* ProgressViewController.swift */; };
		7007FEAC299F185F00A1FF84 /* ProgressPresenter.swift in Sources */ = {isa = PBXBuildFile; fileRef = 7007FEAB299F185F00A1FF84 /* ProgressPresenter.swift */; };
		7007FEB1299F37E000A1FF84 /* CoreDataManager.swift in Sources */ = {isa = PBXBuildFile; fileRef = 7007FEB0299F37E000A1FF84 /* CoreDataManager.swift */; };
		709B4CA129A52F3900846E9F /* Progress.swift in Sources */ = {isa = PBXBuildFile; fileRef = 709B4CA029A52F3900846E9F /* Progress.swift */; };
		70F7944F299FDDD400CF0956 /* Coordinator.swift in Sources */ = {isa = PBXBuildFile; fileRef = 70F7944E299FDDD400CF0956 /* Coordinator.swift */; };
/* End PBXBuildFile section */

/* Begin PBXFileReference section */
		7007FE73299F036C00A1FF84 /* HealthGoals.app */ = {isa = PBXFileReference; explicitFileType = wrapper.application; includeInIndex = 0; path = HealthGoals.app; sourceTree = BUILT_PRODUCTS_DIR; };
		7007FE76299F036C00A1FF84 /* AppDelegate.swift */ = {isa = PBXFileReference; lastKnownFileType = sourcecode.swift; path = AppDelegate.swift; sourceTree = "<group>"; };
		7007FE78299F036C00A1FF84 /* SceneDelegate.swift */ = {isa = PBXFileReference; lastKnownFileType = sourcecode.swift; path = SceneDelegate.swift; sourceTree = "<group>"; };
		7007FE80299F036C00A1FF84 /* HealthGoals.xcdatamodel */ = {isa = PBXFileReference; lastKnownFileType = wrapper.xcdatamodel; path = HealthGoals.xcdatamodel; sourceTree = "<group>"; };
		7007FE82299F036D00A1FF84 /* Assets.xcassets */ = {isa = PBXFileReference; lastKnownFileType = folder.assetcatalog; path = Assets.xcassets; sourceTree = "<group>"; };
		7007FE85299F036D00A1FF84 /* Base */ = {isa = PBXFileReference; lastKnownFileType = file.storyboard; name = Base; path = Base.lproj/LaunchScreen.storyboard; sourceTree = "<group>"; };
		7007FE87299F036D00A1FF84 /* Info.plist */ = {isa = PBXFileReference; lastKnownFileType = text.plist.xml; path = Info.plist; sourceTree = "<group>"; };
		7007FE8F299F03E600A1FF84 /* Goal.swift */ = {isa = PBXFileReference; lastKnownFileType = sourcecode.swift; path = Goal.swift; sourceTree = "<group>"; };
		7007FE92299F043A00A1FF84 /* GoalsTableViewCell.swift */ = {isa = PBXFileReference; lastKnownFileType = sourcecode.swift; path = GoalsTableViewCell.swift; sourceTree = "<group>"; };
		7007FE94299F046800A1FF84 /* GoalsViewController.swift */ = {isa = PBXFileReference; lastKnownFileType = sourcecode.swift; path = GoalsViewController.swift; sourceTree = "<group>"; };
		7007FE9C299F066A00A1FF84 /* GoalsPresenter.swift */ = {isa = PBXFileReference; lastKnownFileType = sourcecode.swift; path = GoalsPresenter.swift; sourceTree = "<group>"; };
		7007FEA0299F08DB00A1FF84 /* NetworkManager.swift */ = {isa = PBXFileReference; lastKnownFileType = sourcecode.swift; path = NetworkManager.swift; sourceTree = "<group>"; };
		7007FEA2299F0CB100A1FF84 /* UIViewController+Alert.swift */ = {isa = PBXFileReference; lastKnownFileType = sourcecode.swift; path = "UIViewController+Alert.swift"; sourceTree = "<group>"; };
		7007FEA9299F185500A1FF84 /* ProgressViewController.swift */ = {isa = PBXFileReference; lastKnownFileType = sourcecode.swift; path = ProgressViewController.swift; sourceTree = "<group>"; };
		7007FEAB299F185F00A1FF84 /* ProgressPresenter.swift */ = {isa = PBXFileReference; lastKnownFileType = sourcecode.swift; path = ProgressPresenter.swift; sourceTree = "<group>"; };
		7007FEB0299F37E000A1FF84 /* CoreDataManager.swift */ = {isa = PBXFileReference; lastKnownFileType = sourcecode.swift; path = CoreDataManager.swift; sourceTree = "<group>"; };
		709B4CA029A52F3900846E9F /* Progress.swift */ = {isa = PBXFileReference; lastKnownFileType = sourcecode.swift; path = Progress.swift; sourceTree = "<group>"; };
		70F7944E299FDDD400CF0956 /* Coordinator.swift */ = {isa = PBXFileReference; lastKnownFileType = sourcecode.swift; path = Coordinator.swift; sourceTree = "<group>"; };
		70F7945129A3DF6700CF0956 /* HealthGoals.entitlements */ = {isa = PBXFileReference; lastKnownFileType = text.plist.entitlements; path = HealthGoals.entitlements; sourceTree = "<group>"; };
/* End PBXFileReference section */

/* Begin PBXFrameworksBuildPhase section */
		7007FE70299F036C00A1FF84 /* Frameworks */ = {
			isa = PBXFrameworksBuildPhase;
			buildActionMask = 2147483647;
			files = (
			);
			runOnlyForDeploymentPostprocessing = 0;
		};
/* End PBXFrameworksBuildPhase section */

/* Begin PBXGroup section */
		7007FE6A299F036C00A1FF84 = {
			isa = PBXGroup;
			children = (
				7007FE75299F036C00A1FF84 /* HealthGoals */,
				7007FE74299F036C00A1FF84 /* Products */,
			);
			sourceTree = "<group>";
		};
		7007FE74299F036C00A1FF84 /* Products */ = {
			isa = PBXGroup;
			children = (
				7007FE73299F036C00A1FF84 /* HealthGoals.app */,
			);
			name = Products;
			sourceTree = "<group>";
		};
		7007FE75299F036C00A1FF84 /* HealthGoals */ = {
			isa = PBXGroup;
			children = (
				70F7945129A3DF6700CF0956 /* HealthGoals.entitlements */,
				7007FE76299F036C00A1FF84 /* AppDelegate.swift */,
				7007FE78299F036C00A1FF84 /* SceneDelegate.swift */,
				7007FE84299F036D00A1FF84 /* LaunchScreen.storyboard */,
				7007FE87299F036D00A1FF84 /* Info.plist */,
				7007FE8D299F03CC00A1FF84 /* Goals */,
				7007FEA5299F17F900A1FF84 /* Progress */,
				7007FE9E299F08C600A1FF84 /* Utils */,
				7007FE99299F054400A1FF84 /* Resources */,
			);
			path = HealthGoals;
			sourceTree = "<group>";
		};
		7007FE8D299F03CC00A1FF84 /* Goals */ = {
			isa = PBXGroup;
			children = (
				7007FE8E299F03D600A1FF84 /* Model */,
				7007FE91299F042700A1FF84 /* View */,
				7007FE9B299F064D00A1FF84 /* Presenter */,
			);
			path = Goals;
			sourceTree = "<group>";
		};
		7007FE8E299F03D600A1FF84 /* Model */ = {
			isa = PBXGroup;
			children = (
				7007FE8F299F03E600A1FF84 /* Goal.swift */,
			);
			path = Model;
			sourceTree = "<group>";
		};
		7007FE91299F042700A1FF84 /* View */ = {
			isa = PBXGroup;
			children = (
				7007FE94299F046800A1FF84 /* GoalsViewController.swift */,
				7007FE9A299F063F00A1FF84 /* Cell */,
			);
			name = View;
			sourceTree = "<group>";
		};
		7007FE99299F054400A1FF84 /* Resources */ = {
			isa = PBXGroup;
			children = (
				7007FE82299F036D00A1FF84 /* Assets.xcassets */,
			);
			path = Resources;
			sourceTree = "<group>";
		};
		7007FE9A299F063F00A1FF84 /* Cell */ = {
			isa = PBXGroup;
			children = (
				7007FE92299F043A00A1FF84 /* GoalsTableViewCell.swift */,
			);
			path = Cell;
			sourceTree = "<group>";
		};
		7007FE9B299F064D00A1FF84 /* Presenter */ = {
			isa = PBXGroup;
			children = (
				7007FE9C299F066A00A1FF84 /* GoalsPresenter.swift */,
			);
			path = Presenter;
			sourceTree = "<group>";
		};
		7007FE9E299F08C600A1FF84 /* Utils */ = {
			isa = PBXGroup;
			children = (
				70F79450299FDDD900CF0956 /* Coordinator */,
				7007FEAF299F37D500A1FF84 /* CoreData */,
				7007FEA4299F11F500A1FF84 /* Extensions */,
				7007FE9F299F08D000A1FF84 /* Network */,
			);
			path = Utils;
			sourceTree = "<group>";
		};
		7007FE9F299F08D000A1FF84 /* Network */ = {
			isa = PBXGroup;
			children = (
				7007FEA0299F08DB00A1FF84 /* NetworkManager.swift */,
			);
			path = Network;
			sourceTree = "<group>";
		};
		7007FEA4299F11F500A1FF84 /* Extensions */ = {
			isa = PBXGroup;
			children = (
				7007FEA2299F0CB100A1FF84 /* UIViewController+Alert.swift */,
			);
			path = Extensions;
			sourceTree = "<group>";
		};
		7007FEA5299F17F900A1FF84 /* Progress */ = {
			isa = PBXGroup;
			children = (
				709B4C9F29A52F2F00846E9F /* Model */,
				7007FEA6299F181300A1FF84 /* View */,
				7007FEA7299F181700A1FF84 /* Presenter */,
			);
			path = Progress;
			sourceTree = "<group>";
		};
		7007FEA6299F181300A1FF84 /* View */ = {
			isa = PBXGroup;
			children = (
				7007FEA9299F185500A1FF84 /* ProgressViewController.swift */,
			);
			path = View;
			sourceTree = "<group>";
		};
		7007FEA7299F181700A1FF84 /* Presenter */ = {
			isa = PBXGroup;
			children = (
				7007FEAB299F185F00A1FF84 /* ProgressPresenter.swift */,
			);
			path = Presenter;
			sourceTree = "<group>";
		};
		7007FEAF299F37D500A1FF84 /* CoreData */ = {
			isa = PBXGroup;
			children = (
				7007FEB0299F37E000A1FF84 /* CoreDataManager.swift */,
				7007FE7F299F036C00A1FF84 /* HealthGoals.xcdatamodeld */,
			);
			path = CoreData;
			sourceTree = "<group>";
		};
		709B4C9F29A52F2F00846E9F /* Model */ = {
			isa = PBXGroup;
			children = (
				709B4CA029A52F3900846E9F /* Progress.swift */,
			);
			path = Model;
			sourceTree = "<group>";
		};
		70F79450299FDDD900CF0956 /* Coordinator */ = {
			isa = PBXGroup;
			children = (
				70F7944E299FDDD400CF0956 /* Coordinator.swift */,
			);
			path = Coordinator;
			sourceTree = "<group>";
		};
/* End PBXGroup section */

/* Begin PBXNativeTarget section */
		7007FE72299F036C00A1FF84 /* HealthGoals */ = {
			isa = PBXNativeTarget;
			buildConfigurationList = 7007FE8A299F036D00A1FF84 /* Build configuration list for PBXNativeTarget "HealthGoals" */;
			buildPhases = (
				7007FE6F299F036C00A1FF84 /* Sources */,
				7007FE70299F036C00A1FF84 /* Frameworks */,
				7007FE71299F036C00A1FF84 /* Resources */,
			);
			buildRules = (
			);
			dependencies = (
			);
			name = HealthGoals;
			productName = HealthGoals;
			productReference = 7007FE73299F036C00A1FF84 /* HealthGoals.app */;
			productType = "com.apple.product-type.application";
		};
/* End PBXNativeTarget section */

/* Begin PBXProject section */
		7007FE6B299F036C00A1FF84 /* Project object */ = {
			isa = PBXProject;
			attributes = {
				BuildIndependentTargetsInParallel = 1;
				LastSwiftUpdateCheck = 1420;
				LastUpgradeCheck = 1420;
				TargetAttributes = {
					7007FE72299F036C00A1FF84 = {
						CreatedOnToolsVersion = 14.2;
					};
				};
			};
			buildConfigurationList = 7007FE6E299F036C00A1FF84 /* Build configuration list for PBXProject "HealthGoals" */;
			compatibilityVersion = "Xcode 14.0";
			developmentRegion = en;
			hasScannedForEncodings = 0;
			knownRegions = (
				en,
				Base,
			);
			mainGroup = 7007FE6A299F036C00A1FF84;
			productRefGroup = 7007FE74299F036C00A1FF84 /* Products */;
			projectDirPath = "";
			projectRoot = "";
			targets = (
				7007FE72299F036C00A1FF84 /* HealthGoals */,
			);
		};
/* End PBXProject section */

/* Begin PBXResourcesBuildPhase section */
		7007FE71299F036C00A1FF84 /* Resources */ = {
			isa = PBXResourcesBuildPhase;
			buildActionMask = 2147483647;
			files = (
				7007FE86299F036D00A1FF84 /* LaunchScreen.storyboard in Resources */,
				7007FE83299F036D00A1FF84 /* Assets.xcassets in Resources */,
			);
			runOnlyForDeploymentPostprocessing = 0;
		};
/* End PBXResourcesBuildPhase section */

/* Begin PBXSourcesBuildPhase section */
		7007FE6F299F036C00A1FF84 /* Sources */ = {
			isa = PBXSourcesBuildPhase;
			buildActionMask = 2147483647;
			files = (
				7007FEA1299F08DC00A1FF84 /* NetworkManager.swift in Sources */,
				7007FE90299F03E600A1FF84 /* Goal.swift in Sources */,
				70F7944F299FDDD400CF0956 /* Coordinator.swift in Sources */,
				7007FE81299F036C00A1FF84 /* HealthGoals.xcdatamodeld in Sources */,
				7007FEB1299F37E000A1FF84 /* CoreDataManager.swift in Sources */,
				7007FEAC299F185F00A1FF84 /* ProgressPresenter.swift in Sources */,
				7007FEAA299F185500A1FF84 /* ProgressViewController.swift in Sources */,
				7007FE77299F036C00A1FF84 /* AppDelegate.swift in Sources */,
				7007FE79299F036C00A1FF84 /* SceneDelegate.swift in Sources */,
				7007FEA3299F0CB100A1FF84 /* UIViewController+Alert.swift in Sources */,
				709B4CA129A52F3900846E9F /* Progress.swift in Sources */,
				7007FE9D299F066A00A1FF84 /* GoalsPresenter.swift in Sources */,
				7007FE93299F043A00A1FF84 /* GoalsTableViewCell.swift in Sources */,
				7007FE95299F046800A1FF84 /* GoalsViewController.swift in Sources */,
			);
			runOnlyForDeploymentPostprocessing = 0;
		};
/* End PBXSourcesBuildPhase section */

/* Begin PBXVariantGroup section */
		7007FE84299F036D00A1FF84 /* LaunchScreen.storyboard */ = {
			isa = PBXVariantGroup;
			children = (
				7007FE85299F036D00A1FF84 /* Base */,
			);
			name = LaunchScreen.storyboard;
			sourceTree = "<group>";
		};
/* End PBXVariantGroup section */

/* Begin XCBuildConfiguration section */
		7007FE88299F036D00A1FF84 /* Debug */ = {
			isa = XCBuildConfiguration;
			buildSettings = {
				ALWAYS_SEARCH_USER_PATHS = NO;
				CLANG_ANALYZER_NONNULL = YES;
				CLANG_ANALYZER_NUMBER_OBJECT_CONVERSION = YES_AGGRESSIVE;
				CLANG_CXX_LANGUAGE_STANDARD = "gnu++20";
				CLANG_ENABLE_MODULES = YES;
				CLANG_ENABLE_OBJC_ARC = YES;
				CLANG_ENABLE_OBJC_WEAK = YES;
				CLANG_WARN_BLOCK_CAPTURE_AUTORELEASING = YES;
				CLANG_WARN_BOOL_CONVERSION = YES;
				CLANG_WARN_COMMA = YES;
				CLANG_WARN_CONSTANT_CONVERSION = YES;
				CLANG_WARN_DEPRECATED_OBJC_IMPLEMENTATIONS = YES;
				CLANG_WARN_DIRECT_OBJC_ISA_USAGE = YES_ERROR;
				CLANG_WARN_DOCUMENTATION_COMMENTS = YES;
				CLANG_WARN_EMPTY_BODY = YES;
				CLANG_WARN_ENUM_CONVERSION = YES;
				CLANG_WARN_INFINITE_RECURSION = YES;
				CLANG_WARN_INT_CONVERSION = YES;
				CLANG_WARN_NON_LITERAL_NULL_CONVERSION = YES;
				CLANG_WARN_OBJC_IMPLICIT_RETAIN_SELF = YES;
				CLANG_WARN_OBJC_LITERAL_CONVERSION = YES;
				CLANG_WARN_OBJC_ROOT_CLASS = YES_ERROR;
				CLANG_WARN_QUOTED_INCLUDE_IN_FRAMEWORK_HEADER = YES;
				CLANG_WARN_RANGE_LOOP_ANALYSIS = YES;
				CLANG_WARN_STRICT_PROTOTYPES = YES;
				CLANG_WARN_SUSPICIOUS_MOVE = YES;
				CLANG_WARN_UNGUARDED_AVAILABILITY = YES_AGGRESSIVE;
				CLANG_WARN_UNREACHABLE_CODE = YES;
				CLANG_WARN__DUPLICATE_METHOD_MATCH = YES;
				COPY_PHASE_STRIP = NO;
				DEBUG_INFORMATION_FORMAT = dwarf;
				ENABLE_STRICT_OBJC_MSGSEND = YES;
				ENABLE_TESTABILITY = YES;
				GCC_C_LANGUAGE_STANDARD = gnu11;
				GCC_DYNAMIC_NO_PIC = NO;
				GCC_NO_COMMON_BLOCKS = YES;
				GCC_OPTIMIZATION_LEVEL = 0;
				GCC_PREPROCESSOR_DEFINITIONS = (
					"DEBUG=1",
					"$(inherited)",
				);
				GCC_WARN_64_TO_32_BIT_CONVERSION = YES;
				GCC_WARN_ABOUT_RETURN_TYPE = YES_ERROR;
				GCC_WARN_UNDECLARED_SELECTOR = YES;
				GCC_WARN_UNINITIALIZED_AUTOS = YES_AGGRESSIVE;
				GCC_WARN_UNUSED_FUNCTION = YES;
				GCC_WARN_UNUSED_VARIABLE = YES;
				IPHONEOS_DEPLOYMENT_TARGET = 16.2;
				MTL_ENABLE_DEBUG_INFO = INCLUDE_SOURCE;
				MTL_FAST_MATH = YES;
				ONLY_ACTIVE_ARCH = YES;
				SDKROOT = iphoneos;
				SWIFT_ACTIVE_COMPILATION_CONDITIONS = DEBUG;
				SWIFT_OPTIMIZATION_LEVEL = "-Onone";
			};
			name = Debug;
		};
		7007FE89299F036D00A1FF84 /* Release */ = {
			isa = XCBuildConfiguration;
			buildSettings = {
				ALWAYS_SEARCH_USER_PATHS = NO;
				CLANG_ANALYZER_NONNULL = YES;
				CLANG_ANALYZER_NUMBER_OBJECT_CONVERSION = YES_AGGRESSIVE;
				CLANG_CXX_LANGUAGE_STANDARD = "gnu++20";
				CLANG_ENABLE_MODULES = YES;
				CLANG_ENABLE_OBJC_ARC = YES;
				CLANG_ENABLE_OBJC_WEAK = YES;
				CLANG_WARN_BLOCK_CAPTURE_AUTORELEASING = YES;
				CLANG_WARN_BOOL_CONVERSION = YES;
				CLANG_WARN_COMMA = YES;
				CLANG_WARN_CONSTANT_CONVERSION = YES;
				CLANG_WARN_DEPRECATED_OBJC_IMPLEMENTATIONS = YES;
				CLANG_WARN_DIRECT_OBJC_ISA_USAGE = YES_ERROR;
				CLANG_WARN_DOCUMENTATION_COMMENTS = YES;
				CLANG_WARN_EMPTY_BODY = YES;
				CLANG_WARN_ENUM_CONVERSION = YES;
				CLANG_WARN_INFINITE_RECURSION = YES;
				CLANG_WARN_INT_CONVERSION = YES;
				CLANG_WARN_NON_LITERAL_NULL_CONVERSION = YES;
				CLANG_WARN_OBJC_IMPLICIT_RETAIN_SELF = YES;
				CLANG_WARN_OBJC_LITERAL_CONVERSION = YES;
				CLANG_WARN_OBJC_ROOT_CLASS = YES_ERROR;
				CLANG_WARN_QUOTED_INCLUDE_IN_FRAMEWORK_HEADER = YES;
				CLANG_WARN_RANGE_LOOP_ANALYSIS = YES;
				CLANG_WARN_STRICT_PROTOTYPES = YES;
				CLANG_WARN_SUSPICIOUS_MOVE = YES;
				CLANG_WARN_UNGUARDED_AVAILABILITY = YES_AGGRESSIVE;
				CLANG_WARN_UNREACHABLE_CODE = YES;
				CLANG_WARN__DUPLICATE_METHOD_MATCH = YES;
				COPY_PHASE_STRIP = NO;
				DEBUG_INFORMATION_FORMAT = "dwarf-with-dsym";
				ENABLE_NS_ASSERTIONS = NO;
				ENABLE_STRICT_OBJC_MSGSEND = YES;
				GCC_C_LANGUAGE_STANDARD = gnu11;
				GCC_NO_COMMON_BLOCKS = YES;
				GCC_WARN_64_TO_32_BIT_CONVERSION = YES;
				GCC_WARN_ABOUT_RETURN_TYPE = YES_ERROR;
				GCC_WARN_UNDECLARED_SELECTOR = YES;
				GCC_WARN_UNINITIALIZED_AUTOS = YES_AGGRESSIVE;
				GCC_WARN_UNUSED_FUNCTION = YES;
				GCC_WARN_UNUSED_VARIABLE = YES;
				IPHONEOS_DEPLOYMENT_TARGET = 16.2;
				MTL_ENABLE_DEBUG_INFO = NO;
				MTL_FAST_MATH = YES;
				SDKROOT = iphoneos;
				SWIFT_COMPILATION_MODE = wholemodule;
				SWIFT_OPTIMIZATION_LEVEL = "-O";
				VALIDATE_PRODUCT = YES;
			};
			name = Release;
		};
		7007FE8B299F036D00A1FF84 /* Debug */ = {
			isa = XCBuildConfiguration;
			buildSettings = {
				ASSETCATALOG_COMPILER_APPICON_NAME = AppIcon;
				ASSETCATALOG_COMPILER_GLOBAL_ACCENT_COLOR_NAME = AccentColor;
				CODE_SIGN_ENTITLEMENTS = HealthGoals/HealthGoals.entitlements;
				CODE_SIGN_STYLE = Automatic;
				CURRENT_PROJECT_VERSION = 1;
				DEVELOPMENT_TEAM = UTN2YWBKP2;
				GENERATE_INFOPLIST_FILE = YES;
				INFOPLIST_FILE = HealthGoals/Info.plist;
				INFOPLIST_KEY_UIApplicationSupportsIndirectInputEvents = YES;
				INFOPLIST_KEY_UILaunchStoryboardName = LaunchScreen;
				INFOPLIST_KEY_UISupportedInterfaceOrientations_iPad = "UIInterfaceOrientationPortrait UIInterfaceOrientationPortraitUpsideDown UIInterfaceOrientationLandscapeLeft UIInterfaceOrientationLandscapeRight";
				INFOPLIST_KEY_UISupportedInterfaceOrientations_iPhone = "UIInterfaceOrientationPortrait UIInterfaceOrientationLandscapeLeft UIInterfaceOrientationLandscapeRight";
				IPHONEOS_DEPLOYMENT_TARGET = 15.0;
				LD_RUNPATH_SEARCH_PATHS = (
					"$(inherited)",
					"@executable_path/Frameworks",
				);
				MARKETING_VERSION = 1.0;
				PRODUCT_BUNDLE_IDENTIFIER = com.carlosrasensio.HealthGoals;
				PRODUCT_NAME = "$(TARGET_NAME)";
				SWIFT_EMIT_LOC_STRINGS = YES;
				SWIFT_VERSION = 5.0;
				TARGETED_DEVICE_FAMILY = "1,2";
			};
			name = Debug;
		};
		7007FE8C299F036D00A1FF84 /* Release */ = {
			isa = XCBuildConfiguration;
			buildSettings = {
				ASSETCATALOG_COMPILER_APPICON_NAME = AppIcon;
				ASSETCATALOG_COMPILER_GLOBAL_ACCENT_COLOR_NAME = AccentColor;
				CODE_SIGN_ENTITLEMENTS = HealthGoals/HealthGoals.entitlements;
				CODE_SIGN_STYLE = Automatic;
				CURRENT_PROJECT_VERSION = 1;
				DEVELOPMENT_TEAM = UTN2YWBKP2;
				GENERATE_INFOPLIST_FILE = YES;
				INFOPLIST_FILE = HealthGoals/Info.plist;
				INFOPLIST_KEY_UIApplicationSupportsIndirectInputEvents = YES;
				INFOPLIST_KEY_UILaunchStoryboardName = LaunchScreen;
				INFOPLIST_KEY_UISupportedInterfaceOrientations_iPad = "UIInterfaceOrientationPortrait UIInterfaceOrientationPortraitUpsideDown UIInterfaceOrientationLandscapeLeft UIInterfaceOrientationLandscapeRight";
				INFOPLIST_KEY_UISupportedInterfaceOrientations_iPhone = "UIInterfaceOrientationPortrait UIInterfaceOrientationLandscapeLeft UIInterfaceOrientationLandscapeRight";
				IPHONEOS_DEPLOYMENT_TARGET = 15.0;
				LD_RUNPATH_SEARCH_PATHS = (
					"$(inherited)",
					"@executable_path/Frameworks",
				);
				MARKETING_VERSION = 1.0;
				PRODUCT_BUNDLE_IDENTIFIER = com.carlosrasensio.HealthGoals;
				PRODUCT_NAME = "$(TARGET_NAME)";
				SWIFT_EMIT_LOC_STRINGS = YES;
				SWIFT_VERSION = 5.0;
				TARGETED_DEVICE_FAMILY = "1,2";
			};
			name = Release;
		};
/* End XCBuildConfiguration section */

/* Begin XCConfigurationList section */
		7007FE6E299F036C00A1FF84 /* Build configuration list for PBXProject "HealthGoals" */ = {
			isa = XCConfigurationList;
			buildConfigurations = (
				7007FE88299F036D00A1FF84 /* Debug */,
				7007FE89299F036D00A1FF84 /* Release */,
			);
			defaultConfigurationIsVisible = 0;
			defaultConfigurationName = Release;
		};
		7007FE8A299F036D00A1FF84 /* Build configuration list for PBXNativeTarget "HealthGoals" */ = {
			isa = XCConfigurationList;
			buildConfigurations = (
				7007FE8B299F036D00A1FF84 /* Debug */,
				7007FE8C299F036D00A1FF84 /* Release */,
			);
			defaultConfigurationIsVisible = 0;
			defaultConfigurationName = Release;
		};
/* End XCConfigurationList section */

/* Begin XCVersionGroup section */
		7007FE7F299F036C00A1FF84 /* HealthGoals.xcdatamodeld */ = {
			isa = XCVersionGroup;
			children = (
				7007FE80299F036C00A1FF84 /* HealthGoals.xcdatamodel */,
			);
			currentVersion = 7007FE80299F036C00A1FF84 /* HealthGoals.xcdatamodel */;
			path = HealthGoals.xcdatamodeld;
			sourceTree = "<group>";
			versionGroupType = wrapper.xcdatamodel;
		};
/* End XCVersionGroup section */
	};
	rootObject = 7007FE6B299F036C00A1FF84 /* Project object */;
}
